
Microsoft Visual Studio Solution File, Format Version 12.00
# Visual Studio 2012
VisualStudioVersion = 14.0.25123.0
MinimumVisualStudioVersion = 10.0.40219.1
Project("{2150E333-8FDC-42A3-9474-1A3956D46DE8}") = "Common", "Common", "{01702D0B-AEF7-4B52-8482-1A4600B7BD97}"
EndProject
Project("{FAE04EC0-301F-11D3-BF4B-00C04F79EFBC}") = "SquareRoot", "SquareRoot\SquareRoot\SquareRoot.csproj", "{F6789549-CEA0-4174-89A1-A878B8720CF6}"
EndProject
Project("{FAE04EC0-301F-11D3-BF4B-00C04F79EFBC}") = "PaymentService.PCL", "PaymentService.PCL\PaymentService.PCL.csproj", "{0813203C-A1C1-497A-BC95-7A7177D09231}"
EndProject
Project("{FAE04EC0-301F-11D3-BF4B-00C04F79EFBC}") = "CardReader", "CardReader\CardReader.csproj", "{BA558549-0973-4AFC-9463-99EEFFB268B2}"
EndProject
Project("{FAE04EC0-301F-11D3-BF4B-00C04F79EFBC}") = "Common", "Common\Common.csproj", "{75482CF6-53D4-4A3D-9986-4965508987C7}"
EndProject
Project("{2150E333-8FDC-42A3-9474-1A3956D46DE8}") = "Droid", "Droid", "{701F966B-9477-42D1-B569-3770F1E8F017}"
EndProject
Project("{FAE04EC0-301F-11D3-BF4B-00C04F79EFBC}") = "SquareRoot.Droid", "SquareRoot\SquareRoot.Droid\SquareRoot.Droid.csproj", "{29BF59DB-0CA2-4E99-AA00-982914FD5930}"
EndProject
Project("{2150E333-8FDC-42A3-9474-1A3956D46DE8}") = "iOS", "iOS", "{653F7CC5-A528-4105-9F69-26788249669C}"
EndProject
Project("{FAE04EC0-301F-11D3-BF4B-00C04F79EFBC}") = "ACR3x.sdk.iOSBindings", "ACR3x.sdk.iOSBindings\ACR3x.sdk.iOSBindings.csproj", "{90A344C3-9723-40E3-AFED-C644DA4EB2EE}"
EndProject
Project("{FAE04EC0-301F-11D3-BF4B-00C04F79EFBC}") = "SquareRoot.iOS", "SquareRoot\SquareRoot.iOS\SquareRoot.iOS.csproj", "{52E997A5-9B6F-4010-AABB-233A8BF998EB}"
EndProject
Project("{FAE04EC0-301F-11D3-BF4B-00C04F79EFBC}") = "UniMag.Sdk.Bindings.iOS", "UniMag.Sdk.Bindings.iOS\UniMag.Sdk.Bindings.iOS.csproj", "{C495963F-1F05-4003-BF09-6E5CB7D7B955}"
EndProject
Global
	GlobalSection(SolutionConfigurationPlatforms) = preSolution
		AdHoc|Any CPU = AdHoc|Any CPU
		Ad-Hoc|Any CPU = Ad-Hoc|Any CPU
		AdHoc|iPhone = AdHoc|iPhone
		Ad-Hoc|iPhone = Ad-Hoc|iPhone
		AdHoc|iPhoneSimulator = AdHoc|iPhoneSimulator
		Ad-Hoc|iPhoneSimulator = Ad-Hoc|iPhoneSimulator
		AdHocBetaTestingDimitris|Any CPU = AdHocBetaTestingDimitris|Any CPU
		AdHocBetaTestingDimitris|iPhone = AdHocBetaTestingDimitris|iPhone
		AdHocBetaTestingDimitris|iPhoneSimulator = AdHocBetaTestingDimitris|iPhoneSimulator
		AppStore|Any CPU = AppStore|Any CPU
		AppStore|iPhone = AppStore|iPhone
		AppStore|iPhoneSimulator = AppStore|iPhoneSimulator
		Debug|Any CPU = Debug|Any CPU
		Debug|iPhone = Debug|iPhone
		Debug|iPhoneSimulator = Debug|iPhoneSimulator
		Release|Any CPU = Release|Any CPU
		Release|iPhone = Release|iPhone
		Release|iPhoneSimulator = Release|iPhoneSimulator
	EndGlobalSection
	GlobalSection(ProjectConfigurationPlatforms) = postSolution
		{0813203C-A1C1-497A-BC95-7A7177D09231}.AdHoc|Any CPU.ActiveCfg = Release|Any CPU
		{0813203C-A1C1-497A-BC95-7A7177D09231}.Ad-Hoc|Any CPU.ActiveCfg = Release|Any CPU
		{0813203C-A1C1-497A-BC95-7A7177D09231}.AdHoc|Any CPU.Build.0 = Release|Any CPU
		{0813203C-A1C1-497A-BC95-7A7177D09231}.Ad-Hoc|Any CPU.Build.0 = Release|Any CPU
		{0813203C-A1C1-497A-BC95-7A7177D09231}.AdHoc|iPhone.ActiveCfg = Release|Any CPU
		{0813203C-A1C1-497A-BC95-7A7177D09231}.Ad-Hoc|iPhone.ActiveCfg = Release|Any CPU
		{0813203C-A1C1-497A-BC95-7A7177D09231}.AdHoc|iPhone.Build.0 = Release|Any CPU
		{0813203C-A1C1-497A-BC95-7A7177D09231}.Ad-Hoc|iPhone.Build.0 = Release|Any CPU
		{0813203C-A1C1-497A-BC95-7A7177D09231}.AdHoc|iPhoneSimulator.ActiveCfg = Release|Any CPU
		{0813203C-A1C1-497A-BC95-7A7177D09231}.Ad-Hoc|iPhoneSimulator.ActiveCfg = Release|Any CPU
		{0813203C-A1C1-497A-BC95-7A7177D09231}.AdHoc|iPhoneSimulator.Build.0 = Release|Any CPU
		{0813203C-A1C1-497A-BC95-7A7177D09231}.Ad-Hoc|iPhoneSimulator.Build.0 = Release|Any CPU
		{0813203C-A1C1-497A-BC95-7A7177D09231}.AdHocBetaTestingDimitris|Any CPU.ActiveCfg = Release|Any CPU
		{0813203C-A1C1-497A-BC95-7A7177D09231}.AdHocBetaTestingDimitris|Any CPU.Build.0 = Release|Any CPU
		{0813203C-A1C1-497A-BC95-7A7177D09231}.AdHocBetaTestingDimitris|iPhone.ActiveCfg = Release|Any CPU
		{0813203C-A1C1-497A-BC95-7A7177D09231}.AdHocBetaTestingDimitris|iPhone.Build.0 = Release|Any CPU
		{0813203C-A1C1-497A-BC95-7A7177D09231}.AdHocBetaTestingDimitris|iPhoneSimulator.ActiveCfg = Release|Any CPU
		{0813203C-A1C1-497A-BC95-7A7177D09231}.AdHocBetaTestingDimitris|iPhoneSimulator.Build.0 = Release|Any CPU
		{0813203C-A1C1-497A-BC95-7A7177D09231}.AppStore|Any CPU.ActiveCfg = Release|Any CPU
		{0813203C-A1C1-497A-BC95-7A7177D09231}.AppStore|Any CPU.Build.0 = Release|Any CPU
		{0813203C-A1C1-497A-BC95-7A7177D09231}.AppStore|iPhone.ActiveCfg = Release|Any CPU
		{0813203C-A1C1-497A-BC95-7A7177D09231}.AppStore|iPhone.Build.0 = Release|Any CPU
		{0813203C-A1C1-497A-BC95-7A7177D09231}.AppStore|iPhoneSimulator.ActiveCfg = Release|Any CPU
		{0813203C-A1C1-497A-BC95-7A7177D09231}.AppStore|iPhoneSimulator.Build.0 = Release|Any CPU
		{0813203C-A1C1-497A-BC95-7A7177D09231}.Debug|Any CPU.ActiveCfg = Debug|Any CPU
		{0813203C-A1C1-497A-BC95-7A7177D09231}.Debug|Any CPU.Build.0 = Debug|Any CPU
		{0813203C-A1C1-497A-BC95-7A7177D09231}.Debug|iPhone.ActiveCfg = Debug|Any CPU
		{0813203C-A1C1-497A-BC95-7A7177D09231}.Debug|iPhone.Build.0 = Debug|Any CPU
		{0813203C-A1C1-497A-BC95-7A7177D09231}.Debug|iPhoneSimulator.ActiveCfg = Debug|Any CPU
		{0813203C-A1C1-497A-BC95-7A7177D09231}.Debug|iPhoneSimulator.Build.0 = Debug|Any CPU
		{0813203C-A1C1-497A-BC95-7A7177D09231}.Release|Any CPU.ActiveCfg = Release|Any CPU
		{0813203C-A1C1-497A-BC95-7A7177D09231}.Release|Any CPU.Build.0 = Release|Any CPU
		{0813203C-A1C1-497A-BC95-7A7177D09231}.Release|iPhone.ActiveCfg = Release|Any CPU
		{0813203C-A1C1-497A-BC95-7A7177D09231}.Release|iPhone.Build.0 = Release|Any CPU
		{0813203C-A1C1-497A-BC95-7A7177D09231}.Release|iPhoneSimulator.ActiveCfg = Release|Any CPU
		{0813203C-A1C1-497A-BC95-7A7177D09231}.Release|iPhoneSimulator.Build.0 = Release|Any CPU
		{29BF59DB-0CA2-4E99-AA00-982914FD5930}.AdHoc|Any CPU.ActiveCfg = Release|Any CPU
		{29BF59DB-0CA2-4E99-AA00-982914FD5930}.Ad-Hoc|Any CPU.ActiveCfg = Release|Any CPU
		{29BF59DB-0CA2-4E99-AA00-982914FD5930}.AdHoc|Any CPU.Build.0 = Release|Any CPU
		{29BF59DB-0CA2-4E99-AA00-982914FD5930}.Ad-Hoc|Any CPU.Build.0 = Release|Any CPU
		{29BF59DB-0CA2-4E99-AA00-982914FD5930}.AdHoc|Any CPU.Deploy.0 = Release|Any CPU
		{29BF59DB-0CA2-4E99-AA00-982914FD5930}.Ad-Hoc|Any CPU.Deploy.0 = Release|Any CPU
		{29BF59DB-0CA2-4E99-AA00-982914FD5930}.AdHoc|iPhone.ActiveCfg = Release|Any CPU
		{29BF59DB-0CA2-4E99-AA00-982914FD5930}.Ad-Hoc|iPhone.ActiveCfg = Release|Any CPU
		{29BF59DB-0CA2-4E99-AA00-982914FD5930}.AdHoc|iPhone.Build.0 = Release|Any CPU
		{29BF59DB-0CA2-4E99-AA00-982914FD5930}.Ad-Hoc|iPhone.Build.0 = Release|Any CPU
		{29BF59DB-0CA2-4E99-AA00-982914FD5930}.AdHoc|iPhone.Deploy.0 = Release|Any CPU
		{29BF59DB-0CA2-4E99-AA00-982914FD5930}.Ad-Hoc|iPhone.Deploy.0 = Release|Any CPU
		{29BF59DB-0CA2-4E99-AA00-982914FD5930}.AdHoc|iPhoneSimulator.ActiveCfg = Release|Any CPU
		{29BF59DB-0CA2-4E99-AA00-982914FD5930}.Ad-Hoc|iPhoneSimulator.ActiveCfg = Release|Any CPU
		{29BF59DB-0CA2-4E99-AA00-982914FD5930}.AdHoc|iPhoneSimulator.Build.0 = Release|Any CPU
		{29BF59DB-0CA2-4E99-AA00-982914FD5930}.Ad-Hoc|iPhoneSimulator.Build.0 = Release|Any CPU
		{29BF59DB-0CA2-4E99-AA00-982914FD5930}.AdHoc|iPhoneSimulator.Deploy.0 = Release|Any CPU
		{29BF59DB-0CA2-4E99-AA00-982914FD5930}.Ad-Hoc|iPhoneSimulator.Deploy.0 = Release|Any CPU
		{29BF59DB-0CA2-4E99-AA00-982914FD5930}.AdHocBetaTestingDimitris|Any CPU.ActiveCfg = Release|Any CPU
		{29BF59DB-0CA2-4E99-AA00-982914FD5930}.AdHocBetaTestingDimitris|Any CPU.Build.0 = Release|Any CPU
		{29BF59DB-0CA2-4E99-AA00-982914FD5930}.AdHocBetaTestingDimitris|Any CPU.Deploy.0 = Release|Any CPU
		{29BF59DB-0CA2-4E99-AA00-982914FD5930}.AdHocBetaTestingDimitris|iPhone.ActiveCfg = Release|Any CPU
		{29BF59DB-0CA2-4E99-AA00-982914FD5930}.AdHocBetaTestingDimitris|iPhone.Build.0 = Release|Any CPU
		{29BF59DB-0CA2-4E99-AA00-982914FD5930}.AdHocBetaTestingDimitris|iPhone.Deploy.0 = Release|Any CPU
		{29BF59DB-0CA2-4E99-AA00-982914FD5930}.AdHocBetaTestingDimitris|iPhoneSimulator.ActiveCfg = Release|Any CPU
		{29BF59DB-0CA2-4E99-AA00-982914FD5930}.AdHocBetaTestingDimitris|iPhoneSimulator.Build.0 = Release|Any CPU
		{29BF59DB-0CA2-4E99-AA00-982914FD5930}.AdHocBetaTestingDimitris|iPhoneSimulator.Deploy.0 = Release|Any CPU
		{29BF59DB-0CA2-4E99-AA00-982914FD5930}.AppStore|Any CPU.ActiveCfg = Release|Any CPU
		{29BF59DB-0CA2-4E99-AA00-982914FD5930}.AppStore|Any CPU.Build.0 = Release|Any CPU
		{29BF59DB-0CA2-4E99-AA00-982914FD5930}.AppStore|Any CPU.Deploy.0 = Release|Any CPU
		{29BF59DB-0CA2-4E99-AA00-982914FD5930}.AppStore|iPhone.ActiveCfg = Release|Any CPU
		{29BF59DB-0CA2-4E99-AA00-982914FD5930}.AppStore|iPhone.Build.0 = Release|Any CPU
		{29BF59DB-0CA2-4E99-AA00-982914FD5930}.AppStore|iPhone.Deploy.0 = Release|Any CPU
		{29BF59DB-0CA2-4E99-AA00-982914FD5930}.AppStore|iPhoneSimulator.ActiveCfg = Release|Any CPU
		{29BF59DB-0CA2-4E99-AA00-982914FD5930}.AppStore|iPhoneSimulator.Build.0 = Release|Any CPU
		{29BF59DB-0CA2-4E99-AA00-982914FD5930}.AppStore|iPhoneSimulator.Deploy.0 = Release|Any CPU
		{29BF59DB-0CA2-4E99-AA00-982914FD5930}.Debug|Any CPU.ActiveCfg = Debug|Any CPU
		{29BF59DB-0CA2-4E99-AA00-982914FD5930}.Debug|Any CPU.Build.0 = Debug|Any CPU
		{29BF59DB-0CA2-4E99-AA00-982914FD5930}.Debug|Any CPU.Deploy.0 = Debug|Any CPU
		{29BF59DB-0CA2-4E99-AA00-982914FD5930}.Debug|iPhone.ActiveCfg = Debug|Any CPU
		{29BF59DB-0CA2-4E99-AA00-982914FD5930}.Debug|iPhone.Build.0 = Debug|Any CPU
		{29BF59DB-0CA2-4E99-AA00-982914FD5930}.Debug|iPhone.Deploy.0 = Debug|Any CPU
		{29BF59DB-0CA2-4E99-AA00-982914FD5930}.Debug|iPhoneSimulator.ActiveCfg = Debug|Any CPU
		{29BF59DB-0CA2-4E99-AA00-982914FD5930}.Debug|iPhoneSimulator.Build.0 = Debug|Any CPU
		{29BF59DB-0CA2-4E99-AA00-982914FD5930}.Debug|iPhoneSimulator.Deploy.0 = Debug|Any CPU
		{29BF59DB-0CA2-4E99-AA00-982914FD5930}.Release|Any CPU.ActiveCfg = Release|Any CPU
		{29BF59DB-0CA2-4E99-AA00-982914FD5930}.Release|Any CPU.Build.0 = Release|Any CPU
		{29BF59DB-0CA2-4E99-AA00-982914FD5930}.Release|Any CPU.Deploy.0 = Release|Any CPU
		{29BF59DB-0CA2-4E99-AA00-982914FD5930}.Release|iPhone.ActiveCfg = Release|Any CPU
		{29BF59DB-0CA2-4E99-AA00-982914FD5930}.Release|iPhone.Build.0 = Release|Any CPU
		{29BF59DB-0CA2-4E99-AA00-982914FD5930}.Release|iPhone.Deploy.0 = Release|Any CPU
		{29BF59DB-0CA2-4E99-AA00-982914FD5930}.Release|iPhoneSimulator.ActiveCfg = Release|Any CPU
		{29BF59DB-0CA2-4E99-AA00-982914FD5930}.Release|iPhoneSimulator.Build.0 = Release|Any CPU
		{29BF59DB-0CA2-4E99-AA00-982914FD5930}.Release|iPhoneSimulator.Deploy.0 = Release|Any CPU
		{52E997A5-9B6F-4010-AABB-233A8BF998EB}.Ad-Hoc|Any CPU.ActiveCfg = Ad-Hoc|iPhone
		{52E997A5-9B6F-4010-AABB-233A8BF998EB}.AdHoc|Any CPU.ActiveCfg = Debug|iPhoneSimulator
		{52E997A5-9B6F-4010-AABB-233A8BF998EB}.Ad-Hoc|Any CPU.Build.0 = Ad-Hoc|iPhone
		{52E997A5-9B6F-4010-AABB-233A8BF998EB}.AdHoc|Any CPU.Build.0 = Debug|iPhoneSimulator
		{52E997A5-9B6F-4010-AABB-233A8BF998EB}.Ad-Hoc|iPhone.ActiveCfg = Ad-Hoc|iPhone
		{52E997A5-9B6F-4010-AABB-233A8BF998EB}.AdHoc|iPhone.ActiveCfg = Debug|iPhone
		{52E997A5-9B6F-4010-AABB-233A8BF998EB}.Ad-Hoc|iPhone.Build.0 = Ad-Hoc|iPhone
		{52E997A5-9B6F-4010-AABB-233A8BF998EB}.AdHoc|iPhone.Build.0 = Debug|iPhone
		{52E997A5-9B6F-4010-AABB-233A8BF998EB}.AdHoc|iPhoneSimulator.ActiveCfg = Debug|iPhoneSimulator
		{52E997A5-9B6F-4010-AABB-233A8BF998EB}.Ad-Hoc|iPhoneSimulator.ActiveCfg = Debug|iPhoneSimulator
		{52E997A5-9B6F-4010-AABB-233A8BF998EB}.AdHoc|iPhoneSimulator.Build.0 = Debug|iPhoneSimulator
		{52E997A5-9B6F-4010-AABB-233A8BF998EB}.Ad-Hoc|iPhoneSimulator.Build.0 = Debug|iPhoneSimulator
		{52E997A5-9B6F-4010-AABB-233A8BF998EB}.AdHocBetaTestingDimitris|Any CPU.ActiveCfg = Debug|iPhoneSimulator
		{52E997A5-9B6F-4010-AABB-233A8BF998EB}.AdHocBetaTestingDimitris|Any CPU.Build.0 = Debug|iPhoneSimulator
		{52E997A5-9B6F-4010-AABB-233A8BF998EB}.AdHocBetaTestingDimitris|iPhone.ActiveCfg = Debug|iPhone
		{52E997A5-9B6F-4010-AABB-233A8BF998EB}.AdHocBetaTestingDimitris|iPhone.Build.0 = Debug|iPhone
		{52E997A5-9B6F-4010-AABB-233A8BF998EB}.AdHocBetaTestingDimitris|iPhoneSimulator.ActiveCfg = Debug|iPhoneSimulator
		{52E997A5-9B6F-4010-AABB-233A8BF998EB}.AdHocBetaTestingDimitris|iPhoneSimulator.Build.0 = Debug|iPhoneSimulator
		{52E997A5-9B6F-4010-AABB-233A8BF998EB}.AppStore|Any CPU.ActiveCfg = AppStore|iPhone
		{52E997A5-9B6F-4010-AABB-233A8BF998EB}.AppStore|Any CPU.Build.0 = AppStore|iPhone
		{52E997A5-9B6F-4010-AABB-233A8BF998EB}.AppStore|iPhone.ActiveCfg = AppStore|iPhone
		{52E997A5-9B6F-4010-AABB-233A8BF998EB}.AppStore|iPhone.Build.0 = AppStore|iPhone
		{52E997A5-9B6F-4010-AABB-233A8BF998EB}.AppStore|iPhoneSimulator.ActiveCfg = Debug|iPhoneSimulator
		{52E997A5-9B6F-4010-AABB-233A8BF998EB}.AppStore|iPhoneSimulator.Build.0 = Debug|iPhoneSimulator
		{52E997A5-9B6F-4010-AABB-233A8BF998EB}.Debug|Any CPU.ActiveCfg = Debug|iPhoneSimulator
		{52E997A5-9B6F-4010-AABB-233A8BF998EB}.Debug|Any CPU.Build.0 = Debug|iPhoneSimulator
		{52E997A5-9B6F-4010-AABB-233A8BF998EB}.Debug|iPhone.ActiveCfg = Debug|iPhone
		{52E997A5-9B6F-4010-AABB-233A8BF998EB}.Debug|iPhone.Build.0 = Debug|iPhone
		{52E997A5-9B6F-4010-AABB-233A8BF998EB}.Debug|iPhoneSimulator.ActiveCfg = Debug|iPhoneSimulator
		{52E997A5-9B6F-4010-AABB-233A8BF998EB}.Debug|iPhoneSimulator.Build.0 = Debug|iPhoneSimulator
		{52E997A5-9B6F-4010-AABB-233A8BF998EB}.Release|Any CPU.ActiveCfg = Release|iPhoneSimulator
		{52E997A5-9B6F-4010-AABB-233A8BF998EB}.Release|Any CPU.Build.0 = Release|iPhoneSimulator
		{52E997A5-9B6F-4010-AABB-233A8BF998EB}.Release|iPhone.ActiveCfg = Release|iPhone
		{52E997A5-9B6F-4010-AABB-233A8BF998EB}.Release|iPhone.Build.0 = Release|iPhone
		{52E997A5-9B6F-4010-AABB-233A8BF998EB}.Release|iPhoneSimulator.ActiveCfg = Release|iPhoneSimulator
		{52E997A5-9B6F-4010-AABB-233A8BF998EB}.Release|iPhoneSimulator.Build.0 = Release|iPhoneSimulator
		{75482CF6-53D4-4A3D-9986-4965508987C7}.AdHoc|Any CPU.ActiveCfg = Release|Any CPU
		{75482CF6-53D4-4A3D-9986-4965508987C7}.Ad-Hoc|Any CPU.ActiveCfg = Release|Any CPU
		{75482CF6-53D4-4A3D-9986-4965508987C7}.AdHoc|Any CPU.Build.0 = Release|Any CPU
		{75482CF6-53D4-4A3D-9986-4965508987C7}.Ad-Hoc|Any CPU.Build.0 = Release|Any CPU
		{75482CF6-53D4-4A3D-9986-4965508987C7}.AdHoc|iPhone.ActiveCfg = Release|Any CPU
		{75482CF6-53D4-4A3D-9986-4965508987C7}.Ad-Hoc|iPhone.ActiveCfg = Release|Any CPU
		{75482CF6-53D4-4A3D-9986-4965508987C7}.AdHoc|iPhone.Build.0 = Release|Any CPU
		{75482CF6-53D4-4A3D-9986-4965508987C7}.Ad-Hoc|iPhone.Build.0 = Release|Any CPU
		{75482CF6-53D4-4A3D-9986-4965508987C7}.AdHoc|iPhoneSimulator.ActiveCfg = Release|Any CPU
		{75482CF6-53D4-4A3D-9986-4965508987C7}.Ad-Hoc|iPhoneSimulator.ActiveCfg = Release|Any CPU
		{75482CF6-53D4-4A3D-9986-4965508987C7}.AdHoc|iPhoneSimulator.Build.0 = Release|Any CPU
		{75482CF6-53D4-4A3D-9986-4965508987C7}.Ad-Hoc|iPhoneSimulator.Build.0 = Release|Any CPU
		{75482CF6-53D4-4A3D-9986-4965508987C7}.AdHocBetaTestingDimitris|Any CPU.ActiveCfg = Release|Any CPU
		{75482CF6-53D4-4A3D-9986-4965508987C7}.AdHocBetaTestingDimitris|Any CPU.Build.0 = Release|Any CPU
		{75482CF6-53D4-4A3D-9986-4965508987C7}.AdHocBetaTestingDimitris|iPhone.ActiveCfg = Release|Any CPU
		{75482CF6-53D4-4A3D-9986-4965508987C7}.AdHocBetaTestingDimitris|iPhone.Build.0 = Release|Any CPU
		{75482CF6-53D4-4A3D-9986-4965508987C7}.AdHocBetaTestingDimitris|iPhoneSimulator.ActiveCfg = Release|Any CPU
		{75482CF6-53D4-4A3D-9986-4965508987C7}.AdHocBetaTestingDimitris|iPhoneSimulator.Build.0 = Release|Any CPU
		{75482CF6-53D4-4A3D-9986-4965508987C7}.AppStore|Any CPU.ActiveCfg = Release|Any CPU
		{75482CF6-53D4-4A3D-9986-4965508987C7}.AppStore|Any CPU.Build.0 = Release|Any CPU
		{75482CF6-53D4-4A3D-9986-4965508987C7}.AppStore|iPhone.ActiveCfg = Release|Any CPU
		{75482CF6-53D4-4A3D-9986-4965508987C7}.AppStore|iPhone.Build.0 = Release|Any CPU
		{75482CF6-53D4-4A3D-9986-4965508987C7}.AppStore|iPhoneSimulator.ActiveCfg = Release|Any CPU
		{75482CF6-53D4-4A3D-9986-4965508987C7}.AppStore|iPhoneSimulator.Build.0 = Release|Any CPU
		{75482CF6-53D4-4A3D-9986-4965508987C7}.Debug|Any CPU.ActiveCfg = Debug|Any CPU
		{75482CF6-53D4-4A3D-9986-4965508987C7}.Debug|Any CPU.Build.0 = Debug|Any CPU
		{75482CF6-53D4-4A3D-9986-4965508987C7}.Debug|iPhone.ActiveCfg = Debug|Any CPU
		{75482CF6-53D4-4A3D-9986-4965508987C7}.Debug|iPhone.Build.0 = Debug|Any CPU
		{75482CF6-53D4-4A3D-9986-4965508987C7}.Debug|iPhoneSimulator.ActiveCfg = Debug|Any CPU
		{75482CF6-53D4-4A3D-9986-4965508987C7}.Debug|iPhoneSimulator.Build.0 = Debug|Any CPU
		{75482CF6-53D4-4A3D-9986-4965508987C7}.Release|Any CPU.ActiveCfg = Release|Any CPU
		{75482CF6-53D4-4A3D-9986-4965508987C7}.Release|Any CPU.Build.0 = Release|Any CPU
		{75482CF6-53D4-4A3D-9986-4965508987C7}.Release|iPhone.ActiveCfg = Release|Any CPU
		{75482CF6-53D4-4A3D-9986-4965508987C7}.Release|iPhone.Build.0 = Release|Any CPU
		{75482CF6-53D4-4A3D-9986-4965508987C7}.Release|iPhoneSimulator.ActiveCfg = Release|Any CPU
		{75482CF6-53D4-4A3D-9986-4965508987C7}.Release|iPhoneSimulator.Build.0 = Release|Any CPU
		{90A344C3-9723-40E3-AFED-C644DA4EB2EE}.AdHoc|Any CPU.ActiveCfg = Release|Any CPU
		{90A344C3-9723-40E3-AFED-C644DA4EB2EE}.Ad-Hoc|Any CPU.ActiveCfg = Release|Any CPU
		{90A344C3-9723-40E3-AFED-C644DA4EB2EE}.AdHoc|Any CPU.Build.0 = Release|Any CPU
		{90A344C3-9723-40E3-AFED-C644DA4EB2EE}.Ad-Hoc|Any CPU.Build.0 = Release|Any CPU
		{90A344C3-9723-40E3-AFED-C644DA4EB2EE}.AdHoc|iPhone.ActiveCfg = Release|Any CPU
		{90A344C3-9723-40E3-AFED-C644DA4EB2EE}.Ad-Hoc|iPhone.ActiveCfg = Release|Any CPU
		{90A344C3-9723-40E3-AFED-C644DA4EB2EE}.AdHoc|iPhone.Build.0 = Release|Any CPU
		{90A344C3-9723-40E3-AFED-C644DA4EB2EE}.Ad-Hoc|iPhone.Build.0 = Release|Any CPU
		{90A344C3-9723-40E3-AFED-C644DA4EB2EE}.AdHoc|iPhoneSimulator.ActiveCfg = Release|Any CPU
		{90A344C3-9723-40E3-AFED-C644DA4EB2EE}.Ad-Hoc|iPhoneSimulator.ActiveCfg = Release|Any CPU
		{90A344C3-9723-40E3-AFED-C644DA4EB2EE}.AdHoc|iPhoneSimulator.Build.0 = Release|Any CPU
		{90A344C3-9723-40E3-AFED-C644DA4EB2EE}.Ad-Hoc|iPhoneSimulator.Build.0 = Release|Any CPU
		{90A344C3-9723-40E3-AFED-C644DA4EB2EE}.AdHocBetaTestingDimitris|Any CPU.ActiveCfg = Release|Any CPU
		{90A344C3-9723-40E3-AFED-C644DA4EB2EE}.AdHocBetaTestingDimitris|Any CPU.Build.0 = Release|Any CPU
		{90A344C3-9723-40E3-AFED-C644DA4EB2EE}.AdHocBetaTestingDimitris|iPhone.ActiveCfg = Release|Any CPU
		{90A344C3-9723-40E3-AFED-C644DA4EB2EE}.AdHocBetaTestingDimitris|iPhone.Build.0 = Release|Any CPU
		{90A344C3-9723-40E3-AFED-C644DA4EB2EE}.AdHocBetaTestingDimitris|iPhoneSimulator.ActiveCfg = Release|Any CPU
		{90A344C3-9723-40E3-AFED-C644DA4EB2EE}.AdHocBetaTestingDimitris|iPhoneSimulator.Build.0 = Release|Any CPU
		{90A344C3-9723-40E3-AFED-C644DA4EB2EE}.AppStore|Any CPU.ActiveCfg = Release|Any CPU
		{90A344C3-9723-40E3-AFED-C644DA4EB2EE}.AppStore|Any CPU.Build.0 = Release|Any CPU
		{90A344C3-9723-40E3-AFED-C644DA4EB2EE}.AppStore|iPhone.ActiveCfg = Release|Any CPU
		{90A344C3-9723-40E3-AFED-C644DA4EB2EE}.AppStore|iPhone.Build.0 = Release|Any CPU
		{90A344C3-9723-40E3-AFED-C644DA4EB2EE}.AppStore|iPhoneSimulator.ActiveCfg = Release|Any CPU
		{90A344C3-9723-40E3-AFED-C644DA4EB2EE}.AppStore|iPhoneSimulator.Build.0 = Release|Any CPU
		{90A344C3-9723-40E3-AFED-C644DA4EB2EE}.Debug|Any CPU.ActiveCfg = Debug|Any CPU
		{90A344C3-9723-40E3-AFED-C644DA4EB2EE}.Debug|Any CPU.Build.0 = Debug|Any CPU
		{90A344C3-9723-40E3-AFED-C644DA4EB2EE}.Debug|iPhone.ActiveCfg = Debug|Any CPU
		{90A344C3-9723-40E3-AFED-C644DA4EB2EE}.Debug|iPhone.Build.0 = Debug|Any CPU
		{90A344C3-9723-40E3-AFED-C644DA4EB2EE}.Debug|iPhoneSimulator.ActiveCfg = Debug|Any CPU
		{90A344C3-9723-40E3-AFED-C644DA4EB2EE}.Debug|iPhoneSimulator.Build.0 = Debug|Any CPU
		{90A344C3-9723-40E3-AFED-C644DA4EB2EE}.Release|Any CPU.ActiveCfg = Release|Any CPU
		{90A344C3-9723-40E3-AFED-C644DA4EB2EE}.Release|Any CPU.Build.0 = Release|Any CPU
		{90A344C3-9723-40E3-AFED-C644DA4EB2EE}.Release|iPhone.ActiveCfg = Release|Any CPU
		{90A344C3-9723-40E3-AFED-C644DA4EB2EE}.Release|iPhone.Build.0 = Release|Any CPU
		{90A344C3-9723-40E3-AFED-C644DA4EB2EE}.Release|iPhoneSimulator.ActiveCfg = Release|Any CPU
		{90A344C3-9723-40E3-AFED-C644DA4EB2EE}.Release|iPhoneSimulator.Build.0 = Release|Any CPU
		{BA558549-0973-4AFC-9463-99EEFFB268B2}.AdHoc|Any CPU.ActiveCfg = Release|Any CPU
		{BA558549-0973-4AFC-9463-99EEFFB268B2}.Ad-Hoc|Any CPU.ActiveCfg = Release|Any CPU
		{BA558549-0973-4AFC-9463-99EEFFB268B2}.AdHoc|Any CPU.Build.0 = Release|Any CPU
		{BA558549-0973-4AFC-9463-99EEFFB268B2}.Ad-Hoc|Any CPU.Build.0 = Release|Any CPU
		{BA558549-0973-4AFC-9463-99EEFFB268B2}.AdHoc|iPhone.ActiveCfg = Release|Any CPU
		{BA558549-0973-4AFC-9463-99EEFFB268B2}.Ad-Hoc|iPhone.ActiveCfg = Release|Any CPU
		{BA558549-0973-4AFC-9463-99EEFFB268B2}.AdHoc|iPhone.Build.0 = Release|Any CPU
		{BA558549-0973-4AFC-9463-99EEFFB268B2}.Ad-Hoc|iPhone.Build.0 = Release|Any CPU
		{BA558549-0973-4AFC-9463-99EEFFB268B2}.AdHoc|iPhoneSimulator.ActiveCfg = Release|Any CPU
		{BA558549-0973-4AFC-9463-99EEFFB268B2}.Ad-Hoc|iPhoneSimulator.ActiveCfg = Release|Any CPU
		{BA558549-0973-4AFC-9463-99EEFFB268B2}.AdHoc|iPhoneSimulator.Build.0 = Release|Any CPU
		{BA558549-0973-4AFC-9463-99EEFFB268B2}.Ad-Hoc|iPhoneSimulator.Build.0 = Release|Any CPU
		{BA558549-0973-4AFC-9463-99EEFFB268B2}.AdHocBetaTestingDimitris|Any CPU.ActiveCfg = Release|Any CPU
		{BA558549-0973-4AFC-9463-99EEFFB268B2}.AdHocBetaTestingDimitris|Any CPU.Build.0 = Release|Any CPU
		{BA558549-0973-4AFC-9463-99EEFFB268B2}.AdHocBetaTestingDimitris|iPhone.ActiveCfg = Release|Any CPU
		{BA558549-0973-4AFC-9463-99EEFFB268B2}.AdHocBetaTestingDimitris|iPhone.Build.0 = Release|Any CPU
		{BA558549-0973-4AFC-9463-99EEFFB268B2}.AdHocBetaTestingDimitris|iPhoneSimulator.ActiveCfg = Release|Any CPU
		{BA558549-0973-4AFC-9463-99EEFFB268B2}.AdHocBetaTestingDimitris|iPhoneSimulator.Build.0 = Release|Any CPU
		{BA558549-0973-4AFC-9463-99EEFFB268B2}.AppStore|Any CPU.ActiveCfg = Release|Any CPU
		{BA558549-0973-4AFC-9463-99EEFFB268B2}.AppStore|Any CPU.Build.0 = Release|Any CPU
		{BA558549-0973-4AFC-9463-99EEFFB268B2}.AppStore|iPhone.ActiveCfg = Release|Any CPU
		{BA558549-0973-4AFC-9463-99EEFFB268B2}.AppStore|iPhone.Build.0 = Release|Any CPU
		{BA558549-0973-4AFC-9463-99EEFFB268B2}.AppStore|iPhoneSimulator.ActiveCfg = Release|Any CPU
		{BA558549-0973-4AFC-9463-99EEFFB268B2}.AppStore|iPhoneSimulator.Build.0 = Release|Any CPU
		{BA558549-0973-4AFC-9463-99EEFFB268B2}.Debug|Any CPU.ActiveCfg = Debug|Any CPU
		{BA558549-0973-4AFC-9463-99EEFFB268B2}.Debug|Any CPU.Build.0 = Debug|Any CPU
		{BA558549-0973-4AFC-9463-99EEFFB268B2}.Debug|iPhone.ActiveCfg = Debug|Any CPU
		{BA558549-0973-4AFC-9463-99EEFFB268B2}.Debug|iPhone.Build.0 = Debug|Any CPU
		{BA558549-0973-4AFC-9463-99EEFFB268B2}.Debug|iPhoneSimulator.ActiveCfg = Debug|Any CPU
		{BA558549-0973-4AFC-9463-99EEFFB268B2}.Debug|iPhoneSimulator.Build.0 = Debug|Any CPU
		{BA558549-0973-4AFC-9463-99EEFFB268B2}.Release|Any CPU.ActiveCfg = Release|Any CPU
		{BA558549-0973-4AFC-9463-99EEFFB268B2}.Release|Any CPU.Build.0 = Release|Any CPU
		{BA558549-0973-4AFC-9463-99EEFFB268B2}.Release|iPhone.ActiveCfg = Release|Any CPU
		{BA558549-0973-4AFC-9463-99EEFFB268B2}.Release|iPhone.Build.0 = Release|Any CPU
		{BA558549-0973-4AFC-9463-99EEFFB268B2}.Release|iPhoneSimulator.ActiveCfg = Release|Any CPU
		{BA558549-0973-4AFC-9463-99EEFFB268B2}.Release|iPhoneSimulator.Build.0 = Release|Any CPU
		{C495963F-1F05-4003-BF09-6E5CB7D7B955}.AdHoc|Any CPU.ActiveCfg = Release|Any CPU
		{C495963F-1F05-4003-BF09-6E5CB7D7B955}.Ad-Hoc|Any CPU.ActiveCfg = Release|Any CPU
		{C495963F-1F05-4003-BF09-6E5CB7D7B955}.AdHoc|Any CPU.Build.0 = Release|Any CPU
		{C495963F-1F05-4003-BF09-6E5CB7D7B955}.Ad-Hoc|Any CPU.Build.0 = Release|Any CPU
		{C495963F-1F05-4003-BF09-6E5CB7D7B955}.AdHoc|iPhone.ActiveCfg = Release|Any CPU
		{C495963F-1F05-4003-BF09-6E5CB7D7B955}.Ad-Hoc|iPhone.ActiveCfg = Release|Any CPU
		{C495963F-1F05-4003-BF09-6E5CB7D7B955}.AdHoc|iPhone.Build.0 = Release|Any CPU
		{C495963F-1F05-4003-BF09-6E5CB7D7B955}.Ad-Hoc|iPhone.Build.0 = Release|Any CPU
		{C495963F-1F05-4003-BF09-6E5CB7D7B955}.AdHoc|iPhoneSimulator.ActiveCfg = Release|Any CPU
		{C495963F-1F05-4003-BF09-6E5CB7D7B955}.Ad-Hoc|iPhoneSimulator.ActiveCfg = Release|Any CPU
		{C495963F-1F05-4003-BF09-6E5CB7D7B955}.AdHoc|iPhoneSimulator.Build.0 = Release|Any CPU
		{C495963F-1F05-4003-BF09-6E5CB7D7B955}.Ad-Hoc|iPhoneSimulator.Build.0 = Release|Any CPU
		{C495963F-1F05-4003-BF09-6E5CB7D7B955}.AdHocBetaTestingDimitris|Any CPU.ActiveCfg = Release|Any CPU
		{C495963F-1F05-4003-BF09-6E5CB7D7B955}.AdHocBetaTestingDimitris|Any CPU.Build.0 = Release|Any CPU
		{C495963F-1F05-4003-BF09-6E5CB7D7B955}.AdHocBetaTestingDimitris|iPhone.ActiveCfg = Release|Any CPU
		{C495963F-1F05-4003-BF09-6E5CB7D7B955}.AdHocBetaTestingDimitris|iPhone.Build.0 = Release|Any CPU
		{C495963F-1F05-4003-BF09-6E5CB7D7B955}.AdHocBetaTestingDimitris|iPhoneSimulator.ActiveCfg = Release|Any CPU
		{C495963F-1F05-4003-BF09-6E5CB7D7B955}.AdHocBetaTestingDimitris|iPhoneSimulator.Build.0 = Release|Any CPU
		{C495963F-1F05-4003-BF09-6E5CB7D7B955}.AppStore|Any CPU.ActiveCfg = Release|Any CPU
		{C495963F-1F05-4003-BF09-6E5CB7D7B955}.AppStore|Any CPU.Build.0 = Release|Any CPU
		{C495963F-1F05-4003-BF09-6E5CB7D7B955}.AppStore|iPhone.ActiveCfg = Release|Any CPU
		{C495963F-1F05-4003-BF09-6E5CB7D7B955}.AppStore|iPhone.Build.0 = Release|Any CPU
		{C495963F-1F05-4003-BF09-6E5CB7D7B955}.AppStore|iPhoneSimulator.ActiveCfg = Release|Any CPU
		{C495963F-1F05-4003-BF09-6E5CB7D7B955}.AppStore|iPhoneSimulator.Build.0 = Release|Any CPU
		{C495963F-1F05-4003-BF09-6E5CB7D7B955}.Debug|Any CPU.ActiveCfg = Debug|Any CPU
		{C495963F-1F05-4003-BF09-6E5CB7D7B955}.Debug|Any CPU.Build.0 = Debug|Any CPU
		{C495963F-1F05-4003-BF09-6E5CB7D7B955}.Debug|iPhone.ActiveCfg = Debug|Any CPU
		{C495963F-1F05-4003-BF09-6E5CB7D7B955}.Debug|iPhone.Build.0 = Debug|Any CPU
		{C495963F-1F05-4003-BF09-6E5CB7D7B955}.Debug|iPhoneSimulator.ActiveCfg = Debug|Any CPU
		{C495963F-1F05-4003-BF09-6E5CB7D7B955}.Debug|iPhoneSimulator.Build.0 = Debug|Any CPU
		{C495963F-1F05-4003-BF09-6E5CB7D7B955}.Release|Any CPU.ActiveCfg = Release|Any CPU
		{C495963F-1F05-4003-BF09-6E5CB7D7B955}.Release|Any CPU.Build.0 = Release|Any CPU
		{C495963F-1F05-4003-BF09-6E5CB7D7B955}.Release|iPhone.ActiveCfg = Release|Any CPU
		{C495963F-1F05-4003-BF09-6E5CB7D7B955}.Release|iPhone.Build.0 = Release|Any CPU
		{C495963F-1F05-4003-BF09-6E5CB7D7B955}.Release|iPhoneSimulator.ActiveCfg = Release|Any CPU
		{C495963F-1F05-4003-BF09-6E5CB7D7B955}.Release|iPhoneSimulator.Build.0 = Release|Any CPU
		{F6789549-CEA0-4174-89A1-A878B8720CF6}.AdHoc|Any CPU.ActiveCfg = Release|Any CPU
		{F6789549-CEA0-4174-89A1-A878B8720CF6}.Ad-Hoc|Any CPU.ActiveCfg = Release|Any CPU
		{F6789549-CEA0-4174-89A1-A878B8720CF6}.AdHoc|Any CPU.Build.0 = Release|Any CPU
		{F6789549-CEA0-4174-89A1-A878B8720CF6}.Ad-Hoc|Any CPU.Build.0 = Release|Any CPU
		{F6789549-CEA0-4174-89A1-A878B8720CF6}.AdHoc|iPhone.ActiveCfg = Release|Any CPU
		{F6789549-CEA0-4174-89A1-A878B8720CF6}.Ad-Hoc|iPhone.ActiveCfg = Release|Any CPU
		{F6789549-CEA0-4174-89A1-A878B8720CF6}.AdHoc|iPhone.Build.0 = Release|Any CPU
		{F6789549-CEA0-4174-89A1-A878B8720CF6}.Ad-Hoc|iPhone.Build.0 = Release|Any CPU
		{F6789549-CEA0-4174-89A1-A878B8720CF6}.AdHoc|iPhoneSimulator.ActiveCfg = Release|Any CPU
		{F6789549-CEA0-4174-89A1-A878B8720CF6}.Ad-Hoc|iPhoneSimulator.ActiveCfg = Release|Any CPU
		{F6789549-CEA0-4174-89A1-A878B8720CF6}.AdHoc|iPhoneSimulator.Build.0 = Release|Any CPU
		{F6789549-CEA0-4174-89A1-A878B8720CF6}.Ad-Hoc|iPhoneSimulator.Build.0 = Release|Any CPU
		{F6789549-CEA0-4174-89A1-A878B8720CF6}.AdHocBetaTestingDimitris|Any CPU.ActiveCfg = Release|Any CPU
		{F6789549-CEA0-4174-89A1-A878B8720CF6}.AdHocBetaTestingDimitris|Any CPU.Build.0 = Release|Any CPU
		{F6789549-CEA0-4174-89A1-A878B8720CF6}.AdHocBetaTestingDimitris|iPhone.ActiveCfg = Release|Any CPU
		{F6789549-CEA0-4174-89A1-A878B8720CF6}.AdHocBetaTestingDimitris|iPhone.Build.0 = Release|Any CPU
		{F6789549-CEA0-4174-89A1-A878B8720CF6}.AdHocBetaTestingDimitris|iPhoneSimulator.ActiveCfg = Release|Any CPU
		{F6789549-CEA0-4174-89A1-A878B8720CF6}.AdHocBetaTestingDimitris|iPhoneSimulator.Build.0 = Release|Any CPU
		{F6789549-CEA0-4174-89A1-A878B8720CF6}.AppStore|Any CPU.ActiveCfg = Release|Any CPU
		{F6789549-CEA0-4174-89A1-A878B8720CF6}.AppStore|Any CPU.Build.0 = Release|Any CPU
		{F6789549-CEA0-4174-89A1-A878B8720CF6}.AppStore|iPhone.ActiveCfg = Release|Any CPU
		{F6789549-CEA0-4174-89A1-A878B8720CF6}.AppStore|iPhone.Build.0 = Release|Any CPU
		{F6789549-CEA0-4174-89A1-A878B8720CF6}.AppStore|iPhoneSimulator.ActiveCfg = Release|Any CPU
		{F6789549-CEA0-4174-89A1-A878B8720CF6}.AppStore|iPhoneSimulator.Build.0 = Release|Any CPU
		{F6789549-CEA0-4174-89A1-A878B8720CF6}.Debug|Any CPU.ActiveCfg = Debug|Any CPU
		{F6789549-CEA0-4174-89A1-A878B8720CF6}.Debug|Any CPU.Build.0 = Debug|Any CPU
		{F6789549-CEA0-4174-89A1-A878B8720CF6}.Debug|iPhone.ActiveCfg = Debug|Any CPU
		{F6789549-CEA0-4174-89A1-A878B8720CF6}.Debug|iPhone.Build.0 = Debug|Any CPU
		{F6789549-CEA0-4174-89A1-A878B8720CF6}.Debug|iPhoneSimulator.ActiveCfg = Debug|Any CPU
		{F6789549-CEA0-4174-89A1-A878B8720CF6}.Debug|iPhoneSimulator.Build.0 = Debug|Any CPU
		{F6789549-CEA0-4174-89A1-A878B8720CF6}.Release|Any CPU.ActiveCfg = Release|Any CPU
		{F6789549-CEA0-4174-89A1-A878B8720CF6}.Release|Any CPU.Build.0 = Release|Any CPU
		{F6789549-CEA0-4174-89A1-A878B8720CF6}.Release|iPhone.ActiveCfg = Release|Any CPU
		{F6789549-CEA0-4174-89A1-A878B8720CF6}.Release|iPhone.Build.0 = Release|Any CPU
		{F6789549-CEA0-4174-89A1-A878B8720CF6}.Release|iPhoneSimulator.ActiveCfg = Release|Any CPU
		{F6789549-CEA0-4174-89A1-A878B8720CF6}.Release|iPhoneSimulator.Build.0 = Release|Any CPU
	EndGlobalSection
	GlobalSection(NestedProjects) = preSolution
		{F6789549-CEA0-4174-89A1-A878B8720CF6} = {01702D0B-AEF7-4B52-8482-1A4600B7BD97}
		{0813203C-A1C1-497A-BC95-7A7177D09231} = {01702D0B-AEF7-4B52-8482-1A4600B7BD97}
		{BA558549-0973-4AFC-9463-99EEFFB268B2} = {01702D0B-AEF7-4B52-8482-1A4600B7BD97}
		{75482CF6-53D4-4A3D-9986-4965508987C7} = {01702D0B-AEF7-4B52-8482-1A4600B7BD97}
		{29BF59DB-0CA2-4E99-AA00-982914FD5930} = {701F966B-9477-42D1-B569-3770F1E8F017}
		{90A344C3-9723-40E3-AFED-C644DA4EB2EE} = {653F7CC5-A528-4105-9F69-26788249669C}
		{52E997A5-9B6F-4010-AABB-233A8BF998EB} = {653F7CC5-A528-4105-9F69-26788249669C}
		{C495963F-1F05-4003-BF09-6E5CB7D7B955} = {653F7CC5-A528-4105-9F69-26788249669C}
	EndGlobalSection
	GlobalSection(SolutionProperties) = preSolution
		HideSolutionNode = FALSE
	EndGlobalSection
EndGlobal
